
Microsoft Visual Studio Solution File, Format Version 12.00
# Visual Studio 2013
VisualStudioVersion = 12.0.21005.1
MinimumVisualStudioVersion = 10.0.40219.1
Project("{FAE04EC0-301F-11D3-BF4B-00C04F79EFBC}") = "ShopInfo", "ShopInfo\ShopInfo.csproj", "{AFE7E23B-94C3-4D0F-AE76-A4C198108660}"
EndProject
Project("{FAE04EC0-301F-11D3-BF4B-00C04F79EFBC}") = "Entity", "Entity\Entity.csproj", "{F7C0A1AA-3B51-484A-8510-70A47AC8A678}"
EndProject
Project("{FAE04EC0-301F-11D3-BF4B-00C04F79EFBC}") = "IBLL", "IBLL\IBLL.csproj", "{D8992AF7-4135-4281-AD7E-6572EAE40F6D}"
EndProject
Project("{FAE04EC0-301F-11D3-BF4B-00C04F79EFBC}") = "BLL", "BLL\BLL.csproj", "{7924B7A1-9964-4941-87AF-765CCE8752A6}"
EndProject
Project("{FAE04EC0-301F-11D3-BF4B-00C04F79EFBC}") = "Comm", "Comm\Comm.csproj", "{25E70B6D-4CC1-4A43-A000-9F14523E8B8D}"
EndProject
Project("{FAE04EC0-301F-11D3-BF4B-00C04F79EFBC}") = "Controller", "Controller\Controller.csproj", "{FD11D331-9D20-413D-A692-CEA86D41588F}"
EndProject
Global
	GlobalSection(SolutionConfigurationPlatforms) = preSolution
		Debug|Any CPU = Debug|Any CPU
		Release|Any CPU = Release|Any CPU
	EndGlobalSection
	GlobalSection(ProjectConfigurationPlatforms) = postSolution
		{AFE7E23B-94C3-4D0F-AE76-A4C198108660}.Debug|Any CPU.ActiveCfg = Debug|Any CPU
		{AFE7E23B-94C3-4D0F-AE76-A4C198108660}.Debug|Any CPU.Build.0 = Debug|Any CPU
		{AFE7E23B-94C3-4D0F-AE76-A4C198108660}.Release|Any CPU.ActiveCfg = Release|Any CPU
		{AFE7E23B-94C3-4D0F-AE76-A4C198108660}.Release|Any CPU.Build.0 = Release|Any CPU
		{F7C0A1AA-3B51-484A-8510-70A47AC8A678}.Debug|Any CPU.ActiveCfg = Debug|Any CPU
		{F7C0A1AA-3B51-484A-8510-70A47AC8A678}.Debug|Any CPU.Build.0 = Debug|Any CPU
		{F7C0A1AA-3B51-484A-8510-70A47AC8A678}.Release|Any CPU.ActiveCfg = Release|Any CPU
		{F7C0A1AA-3B51-484A-8510-70A47AC8A678}.Release|Any CPU.Build.0 = Release|Any CPU
		{D8992AF7-4135-4281-AD7E-6572EAE40F6D}.Debug|Any CPU.ActiveCfg = Debug|Any CPU
		{D8992AF7-4135-4281-AD7E-6572EAE40F6D}.Debug|Any CPU.Build.0 = Debug|Any CPU
		{D8992AF7-4135-4281-AD7E-6572EAE40F6D}.Release|Any CPU.ActiveCfg = Release|Any CPU
		{D8992AF7-4135-4281-AD7E-6572EAE40F6D}.Release|Any CPU.Build.0 = Release|Any CPU
		{7924B7A1-9964-4941-87AF-765CCE8752A6}.Debug|Any CPU.ActiveCfg = Debug|Any CPU
		{7924B7A1-9964-4941-87AF-765CCE8752A6}.Debug|Any CPU.Build.0 = Debug|Any CPU
		{7924B7A1-9964-4941-87AF-765CCE8752A6}.Release|Any CPU.ActiveCfg = Release|Any CPU
		{7924B7A1-9964-4941-87AF-765CCE8752A6}.Release|Any CPU.Build.0 = Release|Any CPU
		{25E70B6D-4CC1-4A43-A000-9F14523E8B8D}.Debug|Any CPU.ActiveCfg = Debug|Any CPU
		{25E70B6D-4CC1-4A43-A000-9F14523E8B8D}.Debug|Any CPU.Build.0 = Debug|Any CPU
		{25E70B6D-4CC1-4A43-A000-9F14523E8B8D}.Release|Any CPU.ActiveCfg = Release|Any CPU
		{25E70B6D-4CC1-4A43-A000-9F14523E8B8D}.Release|Any CPU.Build.0 = Release|Any CPU
		{FD11D331-9D20-413D-A692-CEA86D41588F}.Debug|Any CPU.ActiveCfg = Debug|Any CPU
		{FD11D331-9D20-413D-A692-CEA86D41588F}.Debug|Any CPU.Build.0 = Debug|Any CPU
		{FD11D331-9D20-413D-A692-CEA86D41588F}.Release|Any CPU.ActiveCfg = Release|Any CPU
		{FD11D331-9D20-413D-A692-CEA86D41588F}.Release|Any CPU.Build.0 = Release|Any CPU
	EndGlobalSection
	GlobalSection(SolutionProperties) = preSolution
		HideSolutionNode = FALSE
	EndGlobalSection
EndGlobal
