
Microsoft Visual Studio Solution File, Format Version 12.00
# Visual Studio 15
VisualStudioVersion = 15.0.28010.2026
MinimumVisualStudioVersion = 10.0.40219.1
Project("{FAE04EC0-301F-11D3-BF4B-00C04F79EFBC}") = "XinLufinancingMainWindow", "XinLufinancingMainWindow\XinLufinancingMainWindow.csproj", "{9173A432-AAF0-44F3-952C-E036EE0B0E89}"
EndProject
Project("{FAE04EC0-301F-11D3-BF4B-00C04F79EFBC}") = "FoxBaseSocket", "FoxBaseSocket\FoxBaseSocket.csproj", "{838EBD8B-89F5-4F6A-91DA-6D99720BA0D7}"
EndProject
Project("{FAE04EC0-301F-11D3-BF4B-00C04F79EFBC}") = "FoxCommunicationBase", "FoxCommunicationBase\FoxCommunicationBase.csproj", "{91CA2411-759D-496F-B3A0-44C0C5036B9F}"
EndProject
Project("{FAE04EC0-301F-11D3-BF4B-00C04F79EFBC}") = "FoxIocProxy", "FoxIocProxy\FoxIocProxy.csproj", "{3DB01E12-0BCE-48D8-83E9-33A6B5E17AD1}"
EndProject
Project("{FAE04EC0-301F-11D3-BF4B-00C04F79EFBC}") = "FoxCoreUtility", "FoxCoreUtility\FoxCoreUtility.csproj", "{0295CCC8-EFFC-4E50-AB44-EF3AE005791A}"
EndProject
Global
	GlobalSection(SolutionConfigurationPlatforms) = preSolution
		Debug|Any CPU = Debug|Any CPU
		Debug|x64 = Debug|x64
		Debug|x86 = Debug|x86
		Release|Any CPU = Release|Any CPU
		Release|x64 = Release|x64
		Release|x86 = Release|x86
	EndGlobalSection
	GlobalSection(ProjectConfigurationPlatforms) = postSolution
		{9173A432-AAF0-44F3-952C-E036EE0B0E89}.Debug|Any CPU.ActiveCfg = Debug|Any CPU
		{9173A432-AAF0-44F3-952C-E036EE0B0E89}.Debug|Any CPU.Build.0 = Debug|Any CPU
		{9173A432-AAF0-44F3-952C-E036EE0B0E89}.Debug|x64.ActiveCfg = Debug|Any CPU
		{9173A432-AAF0-44F3-952C-E036EE0B0E89}.Debug|x64.Build.0 = Debug|Any CPU
		{9173A432-AAF0-44F3-952C-E036EE0B0E89}.Debug|x86.ActiveCfg = Debug|Any CPU
		{9173A432-AAF0-44F3-952C-E036EE0B0E89}.Debug|x86.Build.0 = Debug|Any CPU
		{9173A432-AAF0-44F3-952C-E036EE0B0E89}.Release|Any CPU.ActiveCfg = Release|Any CPU
		{9173A432-AAF0-44F3-952C-E036EE0B0E89}.Release|Any CPU.Build.0 = Release|Any CPU
		{9173A432-AAF0-44F3-952C-E036EE0B0E89}.Release|x64.ActiveCfg = Release|Any CPU
		{9173A432-AAF0-44F3-952C-E036EE0B0E89}.Release|x64.Build.0 = Release|Any CPU
		{9173A432-AAF0-44F3-952C-E036EE0B0E89}.Release|x86.ActiveCfg = Release|Any CPU
		{9173A432-AAF0-44F3-952C-E036EE0B0E89}.Release|x86.Build.0 = Release|Any CPU
		{838EBD8B-89F5-4F6A-91DA-6D99720BA0D7}.Debug|Any CPU.ActiveCfg = Debug|Any CPU
		{838EBD8B-89F5-4F6A-91DA-6D99720BA0D7}.Debug|Any CPU.Build.0 = Debug|Any CPU
		{838EBD8B-89F5-4F6A-91DA-6D99720BA0D7}.Debug|x64.ActiveCfg = Debug|Any CPU
		{838EBD8B-89F5-4F6A-91DA-6D99720BA0D7}.Debug|x64.Build.0 = Debug|Any CPU
		{838EBD8B-89F5-4F6A-91DA-6D99720BA0D7}.Debug|x86.ActiveCfg = Debug|x86
		{838EBD8B-89F5-4F6A-91DA-6D99720BA0D7}.Debug|x86.Build.0 = Debug|x86
		{838EBD8B-89F5-4F6A-91DA-6D99720BA0D7}.Release|Any CPU.ActiveCfg = Release|Any CPU
		{838EBD8B-89F5-4F6A-91DA-6D99720BA0D7}.Release|Any CPU.Build.0 = Release|Any CPU
		{838EBD8B-89F5-4F6A-91DA-6D99720BA0D7}.Release|x64.ActiveCfg = Release|Any CPU
		{838EBD8B-89F5-4F6A-91DA-6D99720BA0D7}.Release|x64.Build.0 = Release|Any CPU
		{838EBD8B-89F5-4F6A-91DA-6D99720BA0D7}.Release|x86.ActiveCfg = Release|x86
		{838EBD8B-89F5-4F6A-91DA-6D99720BA0D7}.Release|x86.Build.0 = Release|x86
		{91CA2411-759D-496F-B3A0-44C0C5036B9F}.Debug|Any CPU.ActiveCfg = Debug|Any CPU
		{91CA2411-759D-496F-B3A0-44C0C5036B9F}.Debug|Any CPU.Build.0 = Debug|Any CPU
		{91CA2411-759D-496F-B3A0-44C0C5036B9F}.Debug|x64.ActiveCfg = Debug|Any CPU
		{91CA2411-759D-496F-B3A0-44C0C5036B9F}.Debug|x64.Build.0 = Debug|Any CPU
		{91CA2411-759D-496F-B3A0-44C0C5036B9F}.Debug|x86.ActiveCfg = Debug|x86
		{91CA2411-759D-496F-B3A0-44C0C5036B9F}.Debug|x86.Build.0 = Debug|x86
		{91CA2411-759D-496F-B3A0-44C0C5036B9F}.Release|Any CPU.ActiveCfg = Release|Any CPU
		{91CA2411-759D-496F-B3A0-44C0C5036B9F}.Release|Any CPU.Build.0 = Release|Any CPU
		{91CA2411-759D-496F-B3A0-44C0C5036B9F}.Release|x64.ActiveCfg = Release|Any CPU
		{91CA2411-759D-496F-B3A0-44C0C5036B9F}.Release|x64.Build.0 = Release|Any CPU
		{91CA2411-759D-496F-B3A0-44C0C5036B9F}.Release|x86.ActiveCfg = Release|x86
		{91CA2411-759D-496F-B3A0-44C0C5036B9F}.Release|x86.Build.0 = Release|x86
		{3DB01E12-0BCE-48D8-83E9-33A6B5E17AD1}.Debug|Any CPU.ActiveCfg = Debug|Any CPU
		{3DB01E12-0BCE-48D8-83E9-33A6B5E17AD1}.Debug|Any CPU.Build.0 = Debug|Any CPU
		{3DB01E12-0BCE-48D8-83E9-33A6B5E17AD1}.Debug|x64.ActiveCfg = Debug|Any CPU
		{3DB01E12-0BCE-48D8-83E9-33A6B5E17AD1}.Debug|x64.Build.0 = Debug|Any CPU
		{3DB01E12-0BCE-48D8-83E9-33A6B5E17AD1}.Debug|x86.ActiveCfg = Debug|Any CPU
		{3DB01E12-0BCE-48D8-83E9-33A6B5E17AD1}.Debug|x86.Build.0 = Debug|Any CPU
		{3DB01E12-0BCE-48D8-83E9-33A6B5E17AD1}.Release|Any CPU.ActiveCfg = Release|Any CPU
		{3DB01E12-0BCE-48D8-83E9-33A6B5E17AD1}.Release|Any CPU.Build.0 = Release|Any CPU
		{3DB01E12-0BCE-48D8-83E9-33A6B5E17AD1}.Release|x64.ActiveCfg = Release|Any CPU
		{3DB01E12-0BCE-48D8-83E9-33A6B5E17AD1}.Release|x64.Build.0 = Release|Any CPU
		{3DB01E12-0BCE-48D8-83E9-33A6B5E17AD1}.Release|x86.ActiveCfg = Release|Any CPU
		{3DB01E12-0BCE-48D8-83E9-33A6B5E17AD1}.Release|x86.Build.0 = Release|Any CPU
		{0295CCC8-EFFC-4E50-AB44-EF3AE005791A}.Debug|Any CPU.ActiveCfg = Debug|Any CPU
		{0295CCC8-EFFC-4E50-AB44-EF3AE005791A}.Debug|Any CPU.Build.0 = Debug|Any CPU
		{0295CCC8-EFFC-4E50-AB44-EF3AE005791A}.Debug|x64.ActiveCfg = Debug|Any CPU
		{0295CCC8-EFFC-4E50-AB44-EF3AE005791A}.Debug|x64.Build.0 = Debug|Any CPU
		{0295CCC8-EFFC-4E50-AB44-EF3AE005791A}.Debug|x86.ActiveCfg = Debug|Any CPU
		{0295CCC8-EFFC-4E50-AB44-EF3AE005791A}.Debug|x86.Build.0 = Debug|Any CPU
		{0295CCC8-EFFC-4E50-AB44-EF3AE005791A}.Release|Any CPU.ActiveCfg = Release|Any CPU
		{0295CCC8-EFFC-4E50-AB44-EF3AE005791A}.Release|Any CPU.Build.0 = Release|Any CPU
		{0295CCC8-EFFC-4E50-AB44-EF3AE005791A}.Release|x64.ActiveCfg = Release|Any CPU
		{0295CCC8-EFFC-4E50-AB44-EF3AE005791A}.Release|x64.Build.0 = Release|Any CPU
		{0295CCC8-EFFC-4E50-AB44-EF3AE005791A}.Release|x86.ActiveCfg = Release|Any CPU
		{0295CCC8-EFFC-4E50-AB44-EF3AE005791A}.Release|x86.Build.0 = Release|Any CPU
	EndGlobalSection
	GlobalSection(SolutionProperties) = preSolution
		HideSolutionNode = FALSE
	EndGlobalSection
	GlobalSection(ExtensibilityGlobals) = postSolution
		SolutionGuid = {500DFE3F-D0E0-4CC5-AAE7-4A8D50A58B2C}
	EndGlobalSection
EndGlobal
